
Microsoft Visual Studio Solution File, Format Version 12.00
# Visual Studio Version 17
VisualStudioVersion = 17.0.32014.148
MinimumVisualStudioVersion = 10.0.40219.1
Project("{9A19103F-16F7-4668-BE54-9A1E7A4F7556}") = "CryptoPricesReader.Test", "CryptoPricesReader.Test\CryptoPricesReader.Test.csproj", "{4DC886BA-1660-4489-AF42-B7965629CDC0}"
EndProject
Project("{FAE04EC0-301F-11D3-BF4B-00C04F79EFBC}") = "CryptoPricesReader.NomicsAPI", "CryptoPricesReader.NomicsAPI\CryptoPricesReader.NomicsAPI.csproj", "{5BE2AA29-C0BF-4651-AE01-62C5613806F1}"
EndProject
Project("{FAE04EC0-301F-11D3-BF4B-00C04F79EFBC}") = "CryptoPricesReader.Viewer", "CryptoPricesReader.Viewer\CryptoPricesReader.Viewer.csproj", "{12D33741-807D-429B-B8FD-B4F635076CC5}"
EndProject
Project("{FAE04EC0-301F-11D3-BF4B-00C04F79EFBC}") = "CryptoPricesReader.Data", "CryptoPricesReader.Data\CryptoPricesReader.Data.csproj", "{2D9663BE-E9D6-4314-9E9E-D43D5DA31A99}"
EndProject
Project("{FAE04EC0-301F-11D3-BF4B-00C04F79EFBC}") = "CryptoPricesReader.Utilities", "CryptoPricesReader.Utilities\CryptoPricesReader.Utilities.csproj", "{57EC2F0A-E357-42F9-8507-0DB69D2D4021}"
EndProject
Global
	GlobalSection(SolutionConfigurationPlatforms) = preSolution
		Debug|Any CPU = Debug|Any CPU
		Release|Any CPU = Release|Any CPU
	EndGlobalSection
	GlobalSection(ProjectConfigurationPlatforms) = postSolution
		{4DC886BA-1660-4489-AF42-B7965629CDC0}.Debug|Any CPU.ActiveCfg = Debug|Any CPU
		{4DC886BA-1660-4489-AF42-B7965629CDC0}.Debug|Any CPU.Build.0 = Debug|Any CPU
		{4DC886BA-1660-4489-AF42-B7965629CDC0}.Release|Any CPU.ActiveCfg = Release|Any CPU
		{4DC886BA-1660-4489-AF42-B7965629CDC0}.Release|Any CPU.Build.0 = Release|Any CPU
		{5BE2AA29-C0BF-4651-AE01-62C5613806F1}.Debug|Any CPU.ActiveCfg = Debug|Any CPU
		{5BE2AA29-C0BF-4651-AE01-62C5613806F1}.Debug|Any CPU.Build.0 = Debug|Any CPU
		{5BE2AA29-C0BF-4651-AE01-62C5613806F1}.Release|Any CPU.ActiveCfg = Release|Any CPU
		{5BE2AA29-C0BF-4651-AE01-62C5613806F1}.Release|Any CPU.Build.0 = Release|Any CPU
		{12D33741-807D-429B-B8FD-B4F635076CC5}.Debug|Any CPU.ActiveCfg = Debug|Any CPU
		{12D33741-807D-429B-B8FD-B4F635076CC5}.Debug|Any CPU.Build.0 = Debug|Any CPU
		{12D33741-807D-429B-B8FD-B4F635076CC5}.Release|Any CPU.ActiveCfg = Release|Any CPU
		{12D33741-807D-429B-B8FD-B4F635076CC5}.Release|Any CPU.Build.0 = Release|Any CPU
		{2D9663BE-E9D6-4314-9E9E-D43D5DA31A99}.Debug|Any CPU.ActiveCfg = Debug|Any CPU
		{2D9663BE-E9D6-4314-9E9E-D43D5DA31A99}.Debug|Any CPU.Build.0 = Debug|Any CPU
		{2D9663BE-E9D6-4314-9E9E-D43D5DA31A99}.Release|Any CPU.ActiveCfg = Release|Any CPU
		{2D9663BE-E9D6-4314-9E9E-D43D5DA31A99}.Release|Any CPU.Build.0 = Release|Any CPU
		{57EC2F0A-E357-42F9-8507-0DB69D2D4021}.Debug|Any CPU.ActiveCfg = Debug|Any CPU
		{57EC2F0A-E357-42F9-8507-0DB69D2D4021}.Debug|Any CPU.Build.0 = Debug|Any CPU
		{57EC2F0A-E357-42F9-8507-0DB69D2D4021}.Release|Any CPU.ActiveCfg = Release|Any CPU
		{57EC2F0A-E357-42F9-8507-0DB69D2D4021}.Release|Any CPU.Build.0 = Release|Any CPU
	EndGlobalSection
	GlobalSection(SolutionProperties) = preSolution
		HideSolutionNode = FALSE
	EndGlobalSection
	GlobalSection(ExtensibilityGlobals) = postSolution
		SolutionGuid = {3E3C384D-AB71-4236-9F7F-38F8B55A5CE9}
	EndGlobalSection
EndGlobal
